<?xml version="1.0" encoding="utf-8"?>
<Project ToolsVersion="4.0" xmlns="http://schemas.microsoft.com/developer/msbuild/2003">
  <ItemGroup>
    <Filter Include="include">
      <UniqueIdentifier>{c532b86a-bedf-461b-830d-848b45b72fd3}</UniqueIdentifier>
    </Filter>
    <Filter Include="src">
      <UniqueIdentifier>{76243a1f-1c6a-41ac-a005-83a921566ea5}</UniqueIdentifier>
    </Filter>
    <Filter Include="include\GameObject">
      <UniqueIdentifier>{748c70b5-066e-4543-b814-288450141f50}</UniqueIdentifier>
    </Filter>
    <Filter Include="src\GameObject">
      <UniqueIdentifier>{5193c7ec-0e67-4ed3-a5f5-7e4f0c6d4e63}</UniqueIdentifier>
    </Filter>
    <Filter Include="Resource Files">
      <UniqueIdentifier>{6bd606d7-ae97-4b9e-b431-2bad2f43ca3c}</UniqueIdentifier>
    </Filter>
  </ItemGroup>
  <ItemGroup>
    <ClInclude Include="include\Game.h">
      <Filter>include</Filter>
    </ClInclude>
    <ClInclude Include="resource.h">
      <Filter>Resource Files</Filter>
    </ClInclude>
    <ClInclude Include="include\GameObject\box.h">
      <Filter>include\GameObject</Filter>
    </ClInclude>
    <ClInclude Include="include\GameObject\sphere.h">
      <Filter>include\GameObject</Filter>
    </ClInclude>
    <ClInclude Include="include\GameObject\zombie.h">
      <Filter>include\GameObject</Filter>
    </ClInclude>
    <ClInclude Include="include\GameObject\Plane.h">
      <Filter>include\GameObject</Filter>
    </ClInclude>
    <ClInclude Include="include\GameObject\Plant.h">
      <Filter>include\GameObject</Filter>
    </ClInclude>
    <ClInclude Include="include\GameObject\House.h">
      <Filter>include\GameObject</Filter>
    </ClInclude>
    <ClInclude Include="include\GameObject\Dragon.h">
      <Filter>include\GameObject</Filter>
    </ClInclude>
    <ClInclude Include="include\GameObject\GameTerrain.h">
      <Filter>include\GameObject</Filter>
    </ClInclude>
    <ClInclude Include="include\GameObject\DebugCamera.h">
      <Filter>include\GameObject</Filter>
    </ClInclude>
  </ItemGroup>
  <ItemGroup>
    <ClCompile Include="src\Game.cpp">
      <Filter>src</Filter>
    </ClCompile>
    <ClCompile Include="src\GameObject\Box.cpp">
      <Filter>src\GameObject</Filter>
    </ClCompile>
    <ClCompile Include="src\GameObject\Sphere.cpp">
      <Filter>src\GameObject</Filter>
    </ClCompile>
    <ClCompile Include="src\GameObject\zombie.cpp">
      <Filter>src\GameObject</Filter>
    </ClCompile>
    <ClCompile Include="src\GameObject\Plane.cpp">
      <Filter>src\GameObject</Filter>
    </ClCompile>
    <ClCompile Include="src\GameObject\Plant.cpp">
      <Filter>src\GameObject</Filter>
    </ClCompile>
    <ClCompile Include="src\GameObject\House.cpp">
      <Filter>src\GameObject</Filter>
    </ClCompile>
    <ClCompile Include="src\GameObject\Dragon.cpp">
      <Filter>src\GameObject</Filter>
    </ClCompile>
    <ClCompile Include="src\GameObject\GameTerrain.cpp">
      <Filter>src\GameObject</Filter>
    </ClCompile>
    <ClCompile Include="src\GameObject\DebugCamera.cpp">
      <Filter>src\GameObject</Filter>
    </ClCompile>
  </ItemGroup>
  <ItemGroup>
    <ResourceCompile Include="Game.rc">
      <Filter>Resource Files</Filter>
    </ResourceCompile>
  </ItemGroup>
</Project>