
Microsoft Visual Studio Solution File, Format Version 12.00
# Visual Studio 14
VisualStudioVersion = 14.0.25123.0
MinimumVisualStudioVersion = 10.0.40219.1
Project("{8BC9CEB8-8B4A-11D0-8D11-00A0C91BC942}") = "StenGine_D3D11", "StenGine\StenGine.vcxproj", "{673A993C-EA5A-4DDF-8876-620314770CDC}"
	ProjectSection(ProjectDependencies) = postProject
		{0CDE1FD5-2C0A-407E-A345-CA98D30CA53C} = {0CDE1FD5-2C0A-407E-A345-CA98D30CA53C}
	EndProjectSection
EndProject
Project("{8BC9CEB8-8B4A-11D0-8D11-00A0C91BC942}") = "StenGine_OpenGL", "StenGine\StenGine_OpenGL.vcxproj", "{BAB0F6EC-181F-4DE0-BC89-E5CAF65182FB}"
	ProjectSection(ProjectDependencies) = postProject
		{DF2D976C-3014-48AC-A84A-2413355CA342} = {DF2D976C-3014-48AC-A84A-2413355CA342}
	EndProjectSection
EndProject
Project("{8BC9CEB8-8B4A-11D0-8D11-00A0C91BC942}") = "DataConvertor", "DataConvertor\DataConvertor.vcxproj", "{B6E6B96D-8830-4D9E-9448-0768307F3B0E}"
EndProject
Project("{2150E333-8FDC-42A3-9474-1A3956D46DE8}") = "external", "external", "{D536AD25-44E0-4BF1-8F92-2E43EF76C5A7}"
EndProject
Project("{8BC9CEB8-8B4A-11D0-8D11-00A0C91BC942}") = "GLI", "External\GLI\GLI.vcxproj", "{DF2D976C-3014-48AC-A84A-2413355CA342}"
	ProjectSection(ProjectDependencies) = postProject
		{78372CA9-B1F1-4E5E-A861-8B150C442874} = {78372CA9-B1F1-4E5E-A861-8B150C442874}
	EndProjectSection
EndProject
Project("{8BC9CEB8-8B4A-11D0-8D11-00A0C91BC942}") = "glm", "External\glm\glm.vcxproj", "{78372CA9-B1F1-4E5E-A861-8B150C442874}"
EndProject
Project("{8BC9CEB8-8B4A-11D0-8D11-00A0C91BC942}") = "glew", "External\glew\glew\glew.vcxproj", "{E90D8B84-4E94-44F2-80A8-9F76CB9F53DF}"
EndProject
Project("{8BC9CEB8-8B4A-11D0-8D11-00A0C91BC942}") = "DDSTextureLoader", "External\DirectXTex\DDSTextureLoader\DDSTextureLoader.vcxproj", "{0CDE1FD5-2C0A-407E-A345-CA98D30CA53C}"
EndProject
Project("{2150E333-8FDC-42A3-9474-1A3956D46DE8}") = "tool", "tool", "{75D533EF-8B73-4AB1-B9E9-AA5AA824D014}"
EndProject
Project("{8BC9CEB8-8B4A-11D0-8D11-00A0C91BC942}") = "fbxsdk", "External\FBXSDK\fbxsdk.vcxproj", "{7C8B32EC-EB1C-4BAF-9AA6-90B9181D9024}"
EndProject
Global
	GlobalSection(SolutionConfigurationPlatforms) = preSolution
		Debug MX|ARM = Debug MX|ARM
		Debug MX|Win32 = Debug MX|Win32
		Debug MX|x64 = Debug MX|x64
		Debug|ARM = Debug|ARM
		Debug|Win32 = Debug|Win32
		Debug|x64 = Debug|x64
		Release MX|ARM = Release MX|ARM
		Release MX|Win32 = Release MX|Win32
		Release MX|x64 = Release MX|x64
		Release|ARM = Release|ARM
		Release|Win32 = Release|Win32
		Release|x64 = Release|x64
	EndGlobalSection
	GlobalSection(ProjectConfigurationPlatforms) = postSolution
		{673A993C-EA5A-4DDF-8876-620314770CDC}.Debug MX|ARM.ActiveCfg = Release|x64
		{673A993C-EA5A-4DDF-8876-620314770CDC}.Debug MX|ARM.Build.0 = Release|x64
		{673A993C-EA5A-4DDF-8876-620314770CDC}.Debug MX|Win32.ActiveCfg = Debug|Win32
		{673A993C-EA5A-4DDF-8876-620314770CDC}.Debug MX|Win32.Build.0 = Debug|Win32
		{673A993C-EA5A-4DDF-8876-620314770CDC}.Debug MX|x64.ActiveCfg = Debug|x64
		{673A993C-EA5A-4DDF-8876-620314770CDC}.Debug MX|x64.Build.0 = Debug|x64
		{673A993C-EA5A-4DDF-8876-620314770CDC}.Debug|ARM.ActiveCfg = Debug|Win32
		{673A993C-EA5A-4DDF-8876-620314770CDC}.Debug|Win32.ActiveCfg = Debug|Win32
		{673A993C-EA5A-4DDF-8876-620314770CDC}.Debug|Win32.Build.0 = Debug|Win32
		{673A993C-EA5A-4DDF-8876-620314770CDC}.Debug|x64.ActiveCfg = Debug|x64
		{673A993C-EA5A-4DDF-8876-620314770CDC}.Debug|x64.Build.0 = Debug|x64
		{673A993C-EA5A-4DDF-8876-620314770CDC}.Release MX|ARM.ActiveCfg = Release|x64
		{673A993C-EA5A-4DDF-8876-620314770CDC}.Release MX|ARM.Build.0 = Release|x64
		{673A993C-EA5A-4DDF-8876-620314770CDC}.Release MX|Win32.ActiveCfg = Release|Win32
		{673A993C-EA5A-4DDF-8876-620314770CDC}.Release MX|Win32.Build.0 = Release|Win32
		{673A993C-EA5A-4DDF-8876-620314770CDC}.Release MX|x64.ActiveCfg = Release|x64
		{673A993C-EA5A-4DDF-8876-620314770CDC}.Release MX|x64.Build.0 = Release|x64
		{673A993C-EA5A-4DDF-8876-620314770CDC}.Release|ARM.ActiveCfg = Release|Win32
		{673A993C-EA5A-4DDF-8876-620314770CDC}.Release|Win32.ActiveCfg = Release|Win32
		{673A993C-EA5A-4DDF-8876-620314770CDC}.Release|Win32.Build.0 = Release|Win32
		{673A993C-EA5A-4DDF-8876-620314770CDC}.Release|x64.ActiveCfg = Release|x64
		{673A993C-EA5A-4DDF-8876-620314770CDC}.Release|x64.Build.0 = Release|x64
		{BAB0F6EC-181F-4DE0-BC89-E5CAF65182FB}.Debug MX|ARM.ActiveCfg = Release|x64
		{BAB0F6EC-181F-4DE0-BC89-E5CAF65182FB}.Debug MX|ARM.Build.0 = Release|x64
		{BAB0F6EC-181F-4DE0-BC89-E5CAF65182FB}.Debug MX|Win32.ActiveCfg = Debug|Win32
		{BAB0F6EC-181F-4DE0-BC89-E5CAF65182FB}.Debug MX|Win32.Build.0 = Debug|Win32
		{BAB0F6EC-181F-4DE0-BC89-E5CAF65182FB}.Debug MX|x64.ActiveCfg = Debug|x64
		{BAB0F6EC-181F-4DE0-BC89-E5CAF65182FB}.Debug MX|x64.Build.0 = Debug|x64
		{BAB0F6EC-181F-4DE0-BC89-E5CAF65182FB}.Debug|ARM.ActiveCfg = Debug|Win32
		{BAB0F6EC-181F-4DE0-BC89-E5CAF65182FB}.Debug|Win32.ActiveCfg = Debug|Win32
		{BAB0F6EC-181F-4DE0-BC89-E5CAF65182FB}.Debug|Win32.Build.0 = Debug|Win32
		{BAB0F6EC-181F-4DE0-BC89-E5CAF65182FB}.Debug|x64.ActiveCfg = Debug|x64
		{BAB0F6EC-181F-4DE0-BC89-E5CAF65182FB}.Debug|x64.Build.0 = Debug|x64
		{BAB0F6EC-181F-4DE0-BC89-E5CAF65182FB}.Release MX|ARM.ActiveCfg = Release|x64
		{BAB0F6EC-181F-4DE0-BC89-E5CAF65182FB}.Release MX|ARM.Build.0 = Release|x64
		{BAB0F6EC-181F-4DE0-BC89-E5CAF65182FB}.Release MX|Win32.ActiveCfg = Release|Win32
		{BAB0F6EC-181F-4DE0-BC89-E5CAF65182FB}.Release MX|Win32.Build.0 = Release|Win32
		{BAB0F6EC-181F-4DE0-BC89-E5CAF65182FB}.Release MX|x64.ActiveCfg = Release|x64
		{BAB0F6EC-181F-4DE0-BC89-E5CAF65182FB}.Release MX|x64.Build.0 = Release|x64
		{BAB0F6EC-181F-4DE0-BC89-E5CAF65182FB}.Release|ARM.ActiveCfg = Release|Win32
		{BAB0F6EC-181F-4DE0-BC89-E5CAF65182FB}.Release|Win32.ActiveCfg = Release|Win32
		{BAB0F6EC-181F-4DE0-BC89-E5CAF65182FB}.Release|Win32.Build.0 = Release|Win32
		{BAB0F6EC-181F-4DE0-BC89-E5CAF65182FB}.Release|x64.ActiveCfg = Release|x64
		{BAB0F6EC-181F-4DE0-BC89-E5CAF65182FB}.Release|x64.Build.0 = Release|x64
		{B6E6B96D-8830-4D9E-9448-0768307F3B0E}.Debug MX|ARM.ActiveCfg = Release|x64
		{B6E6B96D-8830-4D9E-9448-0768307F3B0E}.Debug MX|ARM.Build.0 = Release|x64
		{B6E6B96D-8830-4D9E-9448-0768307F3B0E}.Debug MX|Win32.ActiveCfg = Debug|Win32
		{B6E6B96D-8830-4D9E-9448-0768307F3B0E}.Debug MX|Win32.Build.0 = Debug|Win32
		{B6E6B96D-8830-4D9E-9448-0768307F3B0E}.Debug MX|x64.ActiveCfg = Debug|x64
		{B6E6B96D-8830-4D9E-9448-0768307F3B0E}.Debug MX|x64.Build.0 = Debug|x64
		{B6E6B96D-8830-4D9E-9448-0768307F3B0E}.Debug|ARM.ActiveCfg = Debug|Win32
		{B6E6B96D-8830-4D9E-9448-0768307F3B0E}.Debug|Win32.ActiveCfg = Debug|Win32
		{B6E6B96D-8830-4D9E-9448-0768307F3B0E}.Debug|x64.ActiveCfg = Debug|x64
		{B6E6B96D-8830-4D9E-9448-0768307F3B0E}.Release MX|ARM.ActiveCfg = Release|x64
		{B6E6B96D-8830-4D9E-9448-0768307F3B0E}.Release MX|ARM.Build.0 = Release|x64
		{B6E6B96D-8830-4D9E-9448-0768307F3B0E}.Release MX|Win32.ActiveCfg = Release|Win32
		{B6E6B96D-8830-4D9E-9448-0768307F3B0E}.Release MX|Win32.Build.0 = Release|Win32
		{B6E6B96D-8830-4D9E-9448-0768307F3B0E}.Release MX|x64.ActiveCfg = Release|x64
		{B6E6B96D-8830-4D9E-9448-0768307F3B0E}.Release MX|x64.Build.0 = Release|x64
		{B6E6B96D-8830-4D9E-9448-0768307F3B0E}.Release|ARM.ActiveCfg = Release|Win32
		{B6E6B96D-8830-4D9E-9448-0768307F3B0E}.Release|Win32.ActiveCfg = Release|Win32
		{B6E6B96D-8830-4D9E-9448-0768307F3B0E}.Release|Win32.Build.0 = Release|Win32
		{B6E6B96D-8830-4D9E-9448-0768307F3B0E}.Release|x64.ActiveCfg = Release|x64
		{DF2D976C-3014-48AC-A84A-2413355CA342}.Debug MX|ARM.ActiveCfg = Release|x64
		{DF2D976C-3014-48AC-A84A-2413355CA342}.Debug MX|ARM.Build.0 = Release|x64
		{DF2D976C-3014-48AC-A84A-2413355CA342}.Debug MX|Win32.ActiveCfg = Debug|Win32
		{DF2D976C-3014-48AC-A84A-2413355CA342}.Debug MX|Win32.Build.0 = Debug|Win32
		{DF2D976C-3014-48AC-A84A-2413355CA342}.Debug MX|x64.ActiveCfg = Debug|x64
		{DF2D976C-3014-48AC-A84A-2413355CA342}.Debug MX|x64.Build.0 = Debug|x64
		{DF2D976C-3014-48AC-A84A-2413355CA342}.Debug|ARM.ActiveCfg = Debug|Win32
		{DF2D976C-3014-48AC-A84A-2413355CA342}.Debug|Win32.ActiveCfg = Debug|Win32
		{DF2D976C-3014-48AC-A84A-2413355CA342}.Debug|Win32.Build.0 = Debug|Win32
		{DF2D976C-3014-48AC-A84A-2413355CA342}.Debug|x64.ActiveCfg = Debug|x64
		{DF2D976C-3014-48AC-A84A-2413355CA342}.Debug|x64.Build.0 = Debug|x64
		{DF2D976C-3014-48AC-A84A-2413355CA342}.Release MX|ARM.ActiveCfg = Release|x64
		{DF2D976C-3014-48AC-A84A-2413355CA342}.Release MX|ARM.Build.0 = Release|x64
		{DF2D976C-3014-48AC-A84A-2413355CA342}.Release MX|Win32.ActiveCfg = Release|Win32
		{DF2D976C-3014-48AC-A84A-2413355CA342}.Release MX|Win32.Build.0 = Release|Win32
		{DF2D976C-3014-48AC-A84A-2413355CA342}.Release MX|x64.ActiveCfg = Release|x64
		{DF2D976C-3014-48AC-A84A-2413355CA342}.Release MX|x64.Build.0 = Release|x64
		{DF2D976C-3014-48AC-A84A-2413355CA342}.Release|ARM.ActiveCfg = Release|Win32
		{DF2D976C-3014-48AC-A84A-2413355CA342}.Release|Win32.ActiveCfg = Release|Win32
		{DF2D976C-3014-48AC-A84A-2413355CA342}.Release|Win32.Build.0 = Release|Win32
		{DF2D976C-3014-48AC-A84A-2413355CA342}.Release|x64.ActiveCfg = Release|x64
		{DF2D976C-3014-48AC-A84A-2413355CA342}.Release|x64.Build.0 = Release|x64
		{78372CA9-B1F1-4E5E-A861-8B150C442874}.Debug MX|ARM.ActiveCfg = Release|x64
		{78372CA9-B1F1-4E5E-A861-8B150C442874}.Debug MX|ARM.Build.0 = Release|x64
		{78372CA9-B1F1-4E5E-A861-8B150C442874}.Debug MX|Win32.ActiveCfg = Debug|Win32
		{78372CA9-B1F1-4E5E-A861-8B150C442874}.Debug MX|Win32.Build.0 = Debug|Win32
		{78372CA9-B1F1-4E5E-A861-8B150C442874}.Debug MX|x64.ActiveCfg = Debug|x64
		{78372CA9-B1F1-4E5E-A861-8B150C442874}.Debug MX|x64.Build.0 = Debug|x64
		{78372CA9-B1F1-4E5E-A861-8B150C442874}.Debug|ARM.ActiveCfg = Debug|Win32
		{78372CA9-B1F1-4E5E-A861-8B150C442874}.Debug|Win32.ActiveCfg = Debug|Win32
		{78372CA9-B1F1-4E5E-A861-8B150C442874}.Debug|Win32.Build.0 = Debug|Win32
		{78372CA9-B1F1-4E5E-A861-8B150C442874}.Debug|x64.ActiveCfg = Debug|x64
		{78372CA9-B1F1-4E5E-A861-8B150C442874}.Debug|x64.Build.0 = Debug|x64
		{78372CA9-B1F1-4E5E-A861-8B150C442874}.Release MX|ARM.ActiveCfg = Release|x64
		{78372CA9-B1F1-4E5E-A861-8B150C442874}.Release MX|ARM.Build.0 = Release|x64
		{78372CA9-B1F1-4E5E-A861-8B150C442874}.Release MX|Win32.ActiveCfg = Release|Win32
		{78372CA9-B1F1-4E5E-A861-8B150C442874}.Release MX|Win32.Build.0 = Release|Win32
		{78372CA9-B1F1-4E5E-A861-8B150C442874}.Release MX|x64.ActiveCfg = Release|x64
		{78372CA9-B1F1-4E5E-A861-8B150C442874}.Release MX|x64.Build.0 = Release|x64
		{78372CA9-B1F1-4E5E-A861-8B150C442874}.Release|ARM.ActiveCfg = Release|Win32
		{78372CA9-B1F1-4E5E-A861-8B150C442874}.Release|Win32.ActiveCfg = Release|Win32
		{78372CA9-B1F1-4E5E-A861-8B150C442874}.Release|Win32.Build.0 = Release|Win32
		{78372CA9-B1F1-4E5E-A861-8B150C442874}.Release|x64.ActiveCfg = Release|x64
		{78372CA9-B1F1-4E5E-A861-8B150C442874}.Release|x64.Build.0 = Release|x64
		{E90D8B84-4E94-44F2-80A8-9F76CB9F53DF}.Debug MX|ARM.ActiveCfg = Release|x64
		{E90D8B84-4E94-44F2-80A8-9F76CB9F53DF}.Debug MX|ARM.Build.0 = Release|x64
		{E90D8B84-4E94-44F2-80A8-9F76CB9F53DF}.Debug MX|Win32.ActiveCfg = Debug|Win32
		{E90D8B84-4E94-44F2-80A8-9F76CB9F53DF}.Debug MX|Win32.Build.0 = Debug|Win32
		{E90D8B84-4E94-44F2-80A8-9F76CB9F53DF}.Debug MX|x64.ActiveCfg = Debug|x64
		{E90D8B84-4E94-44F2-80A8-9F76CB9F53DF}.Debug MX|x64.Build.0 = Debug|x64
		{E90D8B84-4E94-44F2-80A8-9F76CB9F53DF}.Debug|ARM.ActiveCfg = Debug|Win32
		{E90D8B84-4E94-44F2-80A8-9F76CB9F53DF}.Debug|Win32.ActiveCfg = Debug|Win32
		{E90D8B84-4E94-44F2-80A8-9F76CB9F53DF}.Debug|Win32.Build.0 = Debug|Win32
		{E90D8B84-4E94-44F2-80A8-9F76CB9F53DF}.Debug|x64.ActiveCfg = Debug|x64
		{E90D8B84-4E94-44F2-80A8-9F76CB9F53DF}.Debug|x64.Build.0 = Debug|x64
		{E90D8B84-4E94-44F2-80A8-9F76CB9F53DF}.Release MX|ARM.ActiveCfg = Release|x64
		{E90D8B84-4E94-44F2-80A8-9F76CB9F53DF}.Release MX|ARM.Build.0 = Release|x64
		{E90D8B84-4E94-44F2-80A8-9F76CB9F53DF}.Release MX|Win32.ActiveCfg = Release|Win32
		{E90D8B84-4E94-44F2-80A8-9F76CB9F53DF}.Release MX|Win32.Build.0 = Release|Win32
		{E90D8B84-4E94-44F2-80A8-9F76CB9F53DF}.Release MX|x64.ActiveCfg = Release|x64
		{E90D8B84-4E94-44F2-80A8-9F76CB9F53DF}.Release MX|x64.Build.0 = Release|x64
		{E90D8B84-4E94-44F2-80A8-9F76CB9F53DF}.Release|ARM.ActiveCfg = Release|Win32
		{E90D8B84-4E94-44F2-80A8-9F76CB9F53DF}.Release|Win32.ActiveCfg = Release|Win32
		{E90D8B84-4E94-44F2-80A8-9F76CB9F53DF}.Release|Win32.Build.0 = Release|Win32
		{E90D8B84-4E94-44F2-80A8-9F76CB9F53DF}.Release|x64.ActiveCfg = Release|x64
		{E90D8B84-4E94-44F2-80A8-9F76CB9F53DF}.Release|x64.Build.0 = Release|x64
		{0CDE1FD5-2C0A-407E-A345-CA98D30CA53C}.Debug MX|ARM.ActiveCfg = Release|x64
		{0CDE1FD5-2C0A-407E-A345-CA98D30CA53C}.Debug MX|ARM.Build.0 = Release|x64
		{0CDE1FD5-2C0A-407E-A345-CA98D30CA53C}.Debug MX|Win32.ActiveCfg = Debug|Win32
		{0CDE1FD5-2C0A-407E-A345-CA98D30CA53C}.Debug MX|Win32.Build.0 = Debug|Win32
		{0CDE1FD5-2C0A-407E-A345-CA98D30CA53C}.Debug MX|x64.ActiveCfg = Debug|x64
		{0CDE1FD5-2C0A-407E-A345-CA98D30CA53C}.Debug MX|x64.Build.0 = Debug|x64
		{0CDE1FD5-2C0A-407E-A345-CA98D30CA53C}.Debug|ARM.ActiveCfg = Debug|Win32
		{0CDE1FD5-2C0A-407E-A345-CA98D30CA53C}.Debug|Win32.ActiveCfg = Debug|Win32
		{0CDE1FD5-2C0A-407E-A345-CA98D30CA53C}.Debug|Win32.Build.0 = Debug|Win32
		{0CDE1FD5-2C0A-407E-A345-CA98D30CA53C}.Debug|x64.ActiveCfg = Debug|x64
		{0CDE1FD5-2C0A-407E-A345-CA98D30CA53C}.Debug|x64.Build.0 = Debug|x64
		{0CDE1FD5-2C0A-407E-A345-CA98D30CA53C}.Release MX|ARM.ActiveCfg = Release|x64
		{0CDE1FD5-2C0A-407E-A345-CA98D30CA53C}.Release MX|ARM.Build.0 = Release|x64
		{0CDE1FD5-2C0A-407E-A345-CA98D30CA53C}.Release MX|Win32.ActiveCfg = Release|Win32
		{0CDE1FD5-2C0A-407E-A345-CA98D30CA53C}.Release MX|Win32.Build.0 = Release|Win32
		{0CDE1FD5-2C0A-407E-A345-CA98D30CA53C}.Release MX|x64.ActiveCfg = Release|x64
		{0CDE1FD5-2C0A-407E-A345-CA98D30CA53C}.Release MX|x64.Build.0 = Release|x64
		{0CDE1FD5-2C0A-407E-A345-CA98D30CA53C}.Release|ARM.ActiveCfg = Release|Win32
		{0CDE1FD5-2C0A-407E-A345-CA98D30CA53C}.Release|Win32.ActiveCfg = Release|Win32
		{0CDE1FD5-2C0A-407E-A345-CA98D30CA53C}.Release|Win32.Build.0 = Release|Win32
		{0CDE1FD5-2C0A-407E-A345-CA98D30CA53C}.Release|x64.ActiveCfg = Release|x64
		{0CDE1FD5-2C0A-407E-A345-CA98D30CA53C}.Release|x64.Build.0 = Release|x64
		{7C8B32EC-EB1C-4BAF-9AA6-90B9181D9024}.Debug MX|ARM.ActiveCfg = Release|x64
		{7C8B32EC-EB1C-4BAF-9AA6-90B9181D9024}.Debug MX|ARM.Build.0 = Release|x64
		{7C8B32EC-EB1C-4BAF-9AA6-90B9181D9024}.Debug MX|Win32.ActiveCfg = Debug|Win32
		{7C8B32EC-EB1C-4BAF-9AA6-90B9181D9024}.Debug MX|Win32.Build.0 = Debug|Win32
		{7C8B32EC-EB1C-4BAF-9AA6-90B9181D9024}.Debug MX|x64.ActiveCfg = Debug|x64
		{7C8B32EC-EB1C-4BAF-9AA6-90B9181D9024}.Debug MX|x64.Build.0 = Debug|x64
		{7C8B32EC-EB1C-4BAF-9AA6-90B9181D9024}.Debug|ARM.ActiveCfg = Debug|Win32
		{7C8B32EC-EB1C-4BAF-9AA6-90B9181D9024}.Debug|Win32.ActiveCfg = Debug|Win32
		{7C8B32EC-EB1C-4BAF-9AA6-90B9181D9024}.Debug|Win32.Build.0 = Debug|Win32
		{7C8B32EC-EB1C-4BAF-9AA6-90B9181D9024}.Debug|x64.ActiveCfg = Debug|x64
		{7C8B32EC-EB1C-4BAF-9AA6-90B9181D9024}.Debug|x64.Build.0 = Debug|x64
		{7C8B32EC-EB1C-4BAF-9AA6-90B9181D9024}.Release MX|ARM.ActiveCfg = Release|x64
		{7C8B32EC-EB1C-4BAF-9AA6-90B9181D9024}.Release MX|ARM.Build.0 = Release|x64
		{7C8B32EC-EB1C-4BAF-9AA6-90B9181D9024}.Release MX|Win32.ActiveCfg = Release|Win32
		{7C8B32EC-EB1C-4BAF-9AA6-90B9181D9024}.Release MX|Win32.Build.0 = Release|Win32
		{7C8B32EC-EB1C-4BAF-9AA6-90B9181D9024}.Release MX|x64.ActiveCfg = Release|x64
		{7C8B32EC-EB1C-4BAF-9AA6-90B9181D9024}.Release MX|x64.Build.0 = Release|x64
		{7C8B32EC-EB1C-4BAF-9AA6-90B9181D9024}.Release|ARM.ActiveCfg = Release|Win32
		{7C8B32EC-EB1C-4BAF-9AA6-90B9181D9024}.Release|Win32.ActiveCfg = Release|Win32
		{7C8B32EC-EB1C-4BAF-9AA6-90B9181D9024}.Release|Win32.Build.0 = Release|Win32
		{7C8B32EC-EB1C-4BAF-9AA6-90B9181D9024}.Release|x64.ActiveCfg = Release|x64
		{7C8B32EC-EB1C-4BAF-9AA6-90B9181D9024}.Release|x64.Build.0 = Release|x64
	EndGlobalSection
	GlobalSection(SolutionProperties) = preSolution
		HideSolutionNode = FALSE
	EndGlobalSection
	GlobalSection(NestedProjects) = preSolution
		{B6E6B96D-8830-4D9E-9448-0768307F3B0E} = {75D533EF-8B73-4AB1-B9E9-AA5AA824D014}
		{DF2D976C-3014-48AC-A84A-2413355CA342} = {D536AD25-44E0-4BF1-8F92-2E43EF76C5A7}
		{78372CA9-B1F1-4E5E-A861-8B150C442874} = {D536AD25-44E0-4BF1-8F92-2E43EF76C5A7}
		{E90D8B84-4E94-44F2-80A8-9F76CB9F53DF} = {D536AD25-44E0-4BF1-8F92-2E43EF76C5A7}
		{0CDE1FD5-2C0A-407E-A345-CA98D30CA53C} = {D536AD25-44E0-4BF1-8F92-2E43EF76C5A7}
		{7C8B32EC-EB1C-4BAF-9AA6-90B9181D9024} = {D536AD25-44E0-4BF1-8F92-2E43EF76C5A7}
	EndGlobalSection
EndGlobal
