
Microsoft Visual Studio Solution File, Format Version 12.00
# Visual Studio 14
VisualStudioVersion = 14.0.25420.1
MinimumVisualStudioVersion = 10.0.40219.1
Project("{8BC9CEB8-8B4A-11D0-8D11-00A0C91BC942}") = "StenGine", "StenGine\StenGine.vcxproj", "{673A993C-EA5A-4DDF-8876-620314770CDC}"
	ProjectSection(ProjectDependencies) = postProject
		{0CDE1FD5-2C0A-407E-A345-CA98D30CA53C} = {0CDE1FD5-2C0A-407E-A345-CA98D30CA53C}
	EndProjectSection
EndProject
Project("{2150E333-8FDC-42A3-9474-1A3956D46DE8}") = "external", "external", "{D536AD25-44E0-4BF1-8F92-2E43EF76C5A7}"
EndProject
Project("{8BC9CEB8-8B4A-11D0-8D11-00A0C91BC942}") = "GLI", "External\GLI\GLI.vcxproj", "{DF2D976C-3014-48AC-A84A-2413355CA342}"
	ProjectSection(ProjectDependencies) = postProject
		{78372CA9-B1F1-4E5E-A861-8B150C442874} = {78372CA9-B1F1-4E5E-A861-8B150C442874}
	EndProjectSection
EndProject
Project("{8BC9CEB8-8B4A-11D0-8D11-00A0C91BC942}") = "glm", "External\glm\glm.vcxproj", "{78372CA9-B1F1-4E5E-A861-8B150C442874}"
EndProject
Project("{8BC9CEB8-8B4A-11D0-8D11-00A0C91BC942}") = "glew", "External\glew\glew\glew.vcxproj", "{E90D8B84-4E94-44F2-80A8-9F76CB9F53DF}"
EndProject
Project("{8BC9CEB8-8B4A-11D0-8D11-00A0C91BC942}") = "DDSTextureLoader", "External\DirectXTex\DDSTextureLoader\DDSTextureLoader.vcxproj", "{0CDE1FD5-2C0A-407E-A345-CA98D30CA53C}"
EndProject
Project("{8BC9CEB8-8B4A-11D0-8D11-00A0C91BC942}") = "fbxsdk", "External\FBXSDK\fbxsdk.vcxproj", "{7C8B32EC-EB1C-4BAF-9AA6-90B9181D9024}"
EndProject
Project("{8BC9CEB8-8B4A-11D0-8D11-00A0C91BC942}") = "imgui", "External\imgui\imgui.vcxproj", "{7285F681-9FE0-4280-9A8A-E8B8978C470E}"
EndProject
Project("{8BC9CEB8-8B4A-11D0-8D11-00A0C91BC942}") = "assimp", "External\assimp\code\assimp.vcxproj", "{0C58C5C6-F00C-3E4B-A89F-355E868828B4}"
EndProject
Project("{8BC9CEB8-8B4A-11D0-8D11-00A0C91BC942}") = "Game", "Game\Game.vcxproj", "{735699A6-CFF1-4B2C-A268-8CF84ABFCC5C}"
EndProject
Global
	GlobalSection(SolutionConfigurationPlatforms) = preSolution
		Debug|x64 = Debug|x64
		Debug|x86 = Debug|x86
		Release|x64 = Release|x64
		Release|x86 = Release|x86
	EndGlobalSection
	GlobalSection(ProjectConfigurationPlatforms) = postSolution
		{673A993C-EA5A-4DDF-8876-620314770CDC}.Debug|x64.ActiveCfg = Debug|x64
		{673A993C-EA5A-4DDF-8876-620314770CDC}.Debug|x64.Build.0 = Debug|x64
		{673A993C-EA5A-4DDF-8876-620314770CDC}.Debug|x86.ActiveCfg = Debug|x64
		{673A993C-EA5A-4DDF-8876-620314770CDC}.Release|x64.ActiveCfg = Release|x64
		{673A993C-EA5A-4DDF-8876-620314770CDC}.Release|x64.Build.0 = Release|x64
		{673A993C-EA5A-4DDF-8876-620314770CDC}.Release|x86.ActiveCfg = Release|x64
		{DF2D976C-3014-48AC-A84A-2413355CA342}.Debug|x64.ActiveCfg = Debug|x64
		{DF2D976C-3014-48AC-A84A-2413355CA342}.Debug|x64.Build.0 = Debug|x64
		{DF2D976C-3014-48AC-A84A-2413355CA342}.Debug|x86.ActiveCfg = Debug|Win32
		{DF2D976C-3014-48AC-A84A-2413355CA342}.Debug|x86.Build.0 = Debug|Win32
		{DF2D976C-3014-48AC-A84A-2413355CA342}.Release|x64.ActiveCfg = Release|x64
		{DF2D976C-3014-48AC-A84A-2413355CA342}.Release|x64.Build.0 = Release|x64
		{DF2D976C-3014-48AC-A84A-2413355CA342}.Release|x86.ActiveCfg = Release|Win32
		{DF2D976C-3014-48AC-A84A-2413355CA342}.Release|x86.Build.0 = Release|Win32
		{78372CA9-B1F1-4E5E-A861-8B150C442874}.Debug|x64.ActiveCfg = Debug|x64
		{78372CA9-B1F1-4E5E-A861-8B150C442874}.Debug|x64.Build.0 = Debug|x64
		{78372CA9-B1F1-4E5E-A861-8B150C442874}.Debug|x86.ActiveCfg = Debug|Win32
		{78372CA9-B1F1-4E5E-A861-8B150C442874}.Debug|x86.Build.0 = Debug|Win32
		{78372CA9-B1F1-4E5E-A861-8B150C442874}.Release|x64.ActiveCfg = Release|x64
		{78372CA9-B1F1-4E5E-A861-8B150C442874}.Release|x64.Build.0 = Release|x64
		{78372CA9-B1F1-4E5E-A861-8B150C442874}.Release|x86.ActiveCfg = Release|Win32
		{78372CA9-B1F1-4E5E-A861-8B150C442874}.Release|x86.Build.0 = Release|Win32
		{E90D8B84-4E94-44F2-80A8-9F76CB9F53DF}.Debug|x64.ActiveCfg = Debug|x64
		{E90D8B84-4E94-44F2-80A8-9F76CB9F53DF}.Debug|x64.Build.0 = Debug|x64
		{E90D8B84-4E94-44F2-80A8-9F76CB9F53DF}.Debug|x86.ActiveCfg = Debug|Win32
		{E90D8B84-4E94-44F2-80A8-9F76CB9F53DF}.Debug|x86.Build.0 = Debug|Win32
		{E90D8B84-4E94-44F2-80A8-9F76CB9F53DF}.Release|x64.ActiveCfg = Release|x64
		{E90D8B84-4E94-44F2-80A8-9F76CB9F53DF}.Release|x64.Build.0 = Release|x64
		{E90D8B84-4E94-44F2-80A8-9F76CB9F53DF}.Release|x86.ActiveCfg = Release|Win32
		{E90D8B84-4E94-44F2-80A8-9F76CB9F53DF}.Release|x86.Build.0 = Release|Win32
		{0CDE1FD5-2C0A-407E-A345-CA98D30CA53C}.Debug|x64.ActiveCfg = Debug|x64
		{0CDE1FD5-2C0A-407E-A345-CA98D30CA53C}.Debug|x64.Build.0 = Debug|x64
		{0CDE1FD5-2C0A-407E-A345-CA98D30CA53C}.Debug|x86.ActiveCfg = Debug|Win32
		{0CDE1FD5-2C0A-407E-A345-CA98D30CA53C}.Debug|x86.Build.0 = Debug|Win32
		{0CDE1FD5-2C0A-407E-A345-CA98D30CA53C}.Release|x64.ActiveCfg = Release|x64
		{0CDE1FD5-2C0A-407E-A345-CA98D30CA53C}.Release|x64.Build.0 = Release|x64
		{0CDE1FD5-2C0A-407E-A345-CA98D30CA53C}.Release|x86.ActiveCfg = Release|Win32
		{0CDE1FD5-2C0A-407E-A345-CA98D30CA53C}.Release|x86.Build.0 = Release|Win32
		{7C8B32EC-EB1C-4BAF-9AA6-90B9181D9024}.Debug|x64.ActiveCfg = Debug|x64
		{7C8B32EC-EB1C-4BAF-9AA6-90B9181D9024}.Debug|x64.Build.0 = Debug|x64
		{7C8B32EC-EB1C-4BAF-9AA6-90B9181D9024}.Debug|x86.ActiveCfg = Debug|Win32
		{7C8B32EC-EB1C-4BAF-9AA6-90B9181D9024}.Debug|x86.Build.0 = Debug|Win32
		{7C8B32EC-EB1C-4BAF-9AA6-90B9181D9024}.Release|x64.ActiveCfg = Release|x64
		{7C8B32EC-EB1C-4BAF-9AA6-90B9181D9024}.Release|x64.Build.0 = Release|x64
		{7C8B32EC-EB1C-4BAF-9AA6-90B9181D9024}.Release|x86.ActiveCfg = Release|Win32
		{7C8B32EC-EB1C-4BAF-9AA6-90B9181D9024}.Release|x86.Build.0 = Release|Win32
		{7285F681-9FE0-4280-9A8A-E8B8978C470E}.Debug|x64.ActiveCfg = Debug|x64
		{7285F681-9FE0-4280-9A8A-E8B8978C470E}.Debug|x64.Build.0 = Debug|x64
		{7285F681-9FE0-4280-9A8A-E8B8978C470E}.Debug|x86.ActiveCfg = Debug|Win32
		{7285F681-9FE0-4280-9A8A-E8B8978C470E}.Debug|x86.Build.0 = Debug|Win32
		{7285F681-9FE0-4280-9A8A-E8B8978C470E}.Release|x64.ActiveCfg = Release|x64
		{7285F681-9FE0-4280-9A8A-E8B8978C470E}.Release|x64.Build.0 = Release|x64
		{7285F681-9FE0-4280-9A8A-E8B8978C470E}.Release|x86.ActiveCfg = Release|Win32
		{7285F681-9FE0-4280-9A8A-E8B8978C470E}.Release|x86.Build.0 = Release|Win32
		{0C58C5C6-F00C-3E4B-A89F-355E868828B4}.Debug|x64.ActiveCfg = Debug|Win32
		{0C58C5C6-F00C-3E4B-A89F-355E868828B4}.Debug|x86.ActiveCfg = Debug|Win32
		{0C58C5C6-F00C-3E4B-A89F-355E868828B4}.Debug|x86.Build.0 = Debug|Win32
		{0C58C5C6-F00C-3E4B-A89F-355E868828B4}.Release|x64.ActiveCfg = Release|Win32
		{0C58C5C6-F00C-3E4B-A89F-355E868828B4}.Release|x86.ActiveCfg = Release|Win32
		{0C58C5C6-F00C-3E4B-A89F-355E868828B4}.Release|x86.Build.0 = Release|Win32
		{735699A6-CFF1-4B2C-A268-8CF84ABFCC5C}.Debug|x64.ActiveCfg = Debug|x64
		{735699A6-CFF1-4B2C-A268-8CF84ABFCC5C}.Debug|x64.Build.0 = Debug|x64
		{735699A6-CFF1-4B2C-A268-8CF84ABFCC5C}.Debug|x86.ActiveCfg = Debug|Win32
		{735699A6-CFF1-4B2C-A268-8CF84ABFCC5C}.Debug|x86.Build.0 = Debug|Win32
		{735699A6-CFF1-4B2C-A268-8CF84ABFCC5C}.Release|x64.ActiveCfg = Release|x64
		{735699A6-CFF1-4B2C-A268-8CF84ABFCC5C}.Release|x64.Build.0 = Release|x64
		{735699A6-CFF1-4B2C-A268-8CF84ABFCC5C}.Release|x86.ActiveCfg = Release|Win32
		{735699A6-CFF1-4B2C-A268-8CF84ABFCC5C}.Release|x86.Build.0 = Release|Win32
	EndGlobalSection
	GlobalSection(SolutionProperties) = preSolution
		HideSolutionNode = FALSE
	EndGlobalSection
	GlobalSection(NestedProjects) = preSolution
		{DF2D976C-3014-48AC-A84A-2413355CA342} = {D536AD25-44E0-4BF1-8F92-2E43EF76C5A7}
		{78372CA9-B1F1-4E5E-A861-8B150C442874} = {D536AD25-44E0-4BF1-8F92-2E43EF76C5A7}
		{E90D8B84-4E94-44F2-80A8-9F76CB9F53DF} = {D536AD25-44E0-4BF1-8F92-2E43EF76C5A7}
		{0CDE1FD5-2C0A-407E-A345-CA98D30CA53C} = {D536AD25-44E0-4BF1-8F92-2E43EF76C5A7}
		{7C8B32EC-EB1C-4BAF-9AA6-90B9181D9024} = {D536AD25-44E0-4BF1-8F92-2E43EF76C5A7}
		{7285F681-9FE0-4280-9A8A-E8B8978C470E} = {D536AD25-44E0-4BF1-8F92-2E43EF76C5A7}
		{0C58C5C6-F00C-3E4B-A89F-355E868828B4} = {D536AD25-44E0-4BF1-8F92-2E43EF76C5A7}
	EndGlobalSection
EndGlobal
