<?xml version="1.0" encoding="utf-8"?>
<Project ToolsVersion="4.0" xmlns="http://schemas.microsoft.com/developer/msbuild/2003">
  <ItemGroup>
    <Filter Include="Resource Files">
      <UniqueIdentifier>{67DA6AB6-F800-4c08-8B7A-83BB121AAD01}</UniqueIdentifier>
      <Extensions>rc;ico;cur;bmp;dlg;rc2;rct;bin;rgs;gif;jpg;jpeg;jpe;resx;tiff;tif;png;wav;mfcribbon-ms</Extensions>
    </Filter>
    <Filter Include="FX">
      <UniqueIdentifier>{c661edbe-f3d5-4477-b9b7-618cbef037ce}</UniqueIdentifier>
    </Filter>
    <Filter Include="Model">
      <UniqueIdentifier>{952cac11-8329-40dc-a3d5-f781578b9f9a}</UniqueIdentifier>
    </Filter>
    <Filter Include="include">
      <UniqueIdentifier>{79bd8e05-dcf5-4ef2-ab3e-2fdf1756639a}</UniqueIdentifier>
    </Filter>
    <Filter Include="include\Graphics">
      <UniqueIdentifier>{ce1fcac8-0581-477d-bf75-11f3bbf2e158}</UniqueIdentifier>
    </Filter>
    <Filter Include="include\Graphics\Abstraction">
      <UniqueIdentifier>{de73a8a8-da4f-4137-97e7-51d79ea6702d}</UniqueIdentifier>
    </Filter>
    <Filter Include="include\Graphics\Effect">
      <UniqueIdentifier>{d1c1ba45-564e-4e16-9869-44a02ea16ef1}</UniqueIdentifier>
    </Filter>
    <Filter Include="include\Input">
      <UniqueIdentifier>{34720c51-88a4-485c-943c-e789622fb2c9}</UniqueIdentifier>
    </Filter>
    <Filter Include="include\Math">
      <UniqueIdentifier>{75288dc7-8770-4a9a-932f-24c152e9dea2}</UniqueIdentifier>
    </Filter>
    <Filter Include="include\Mesh">
      <UniqueIdentifier>{df11ffcb-1ec8-46b2-9be4-ae82a6c5eaee}</UniqueIdentifier>
    </Filter>
    <Filter Include="include\Resource">
      <UniqueIdentifier>{ec35a2ec-3903-4206-83c2-adc44e0c22f1}</UniqueIdentifier>
    </Filter>
    <Filter Include="include\Scene">
      <UniqueIdentifier>{17138018-712a-4f71-94f5-0127bccb1bbd}</UniqueIdentifier>
    </Filter>
    <Filter Include="include\System">
      <UniqueIdentifier>{01af8c88-3dab-4f3f-ad38-8808578bb164}</UniqueIdentifier>
    </Filter>
    <Filter Include="include\Utility">
      <UniqueIdentifier>{4e1ebe29-191c-4b58-aa87-8fbba25169fb}</UniqueIdentifier>
    </Filter>
    <Filter Include="src">
      <UniqueIdentifier>{21639e70-a6f3-4bfd-8f44-e59feca71f9a}</UniqueIdentifier>
    </Filter>
    <Filter Include="src\Graphics">
      <UniqueIdentifier>{658cea93-dd05-4389-a7bd-14272ac71952}</UniqueIdentifier>
    </Filter>
    <Filter Include="src\Graphics\Effect">
      <UniqueIdentifier>{a40ae87e-0e37-4edd-a8b7-dbf589e2bf76}</UniqueIdentifier>
    </Filter>
    <Filter Include="src\Input">
      <UniqueIdentifier>{8a01de03-26b2-4411-8ec1-84e1fccdc5ff}</UniqueIdentifier>
    </Filter>
    <Filter Include="src\Mesh">
      <UniqueIdentifier>{11344416-b33e-40e4-926c-b9a373afcc9f}</UniqueIdentifier>
    </Filter>
    <Filter Include="src\Resource">
      <UniqueIdentifier>{8e638b72-ba40-43eb-852a-433bd823d3e2}</UniqueIdentifier>
    </Filter>
    <Filter Include="src\Scene">
      <UniqueIdentifier>{0547209b-344d-41f9-90e8-30e4ba955c4d}</UniqueIdentifier>
    </Filter>
    <Filter Include="src\System">
      <UniqueIdentifier>{a434f512-e7ff-494e-9101-8dd8b5296b2b}</UniqueIdentifier>
    </Filter>
    <Filter Include="src\Utility">
      <UniqueIdentifier>{77f27dee-9510-48e2-9267-2c81fbd9b8da}</UniqueIdentifier>
    </Filter>
    <Filter Include="src\Graphics\D3D11">
      <UniqueIdentifier>{509a87bb-2f11-4fbe-8a79-16184f99665c}</UniqueIdentifier>
    </Filter>
    <Filter Include="include\Graphics\D3D11">
      <UniqueIdentifier>{2b15a4ea-cb29-4cd0-a8e3-df74dcb7c887}</UniqueIdentifier>
    </Filter>
    <Filter Include="include\System\API">
      <UniqueIdentifier>{a3ada901-62ef-4229-ae0a-541211f10800}</UniqueIdentifier>
    </Filter>
    <Filter Include="include\Graphics\UI">
      <UniqueIdentifier>{d28ecfc8-5b06-403b-a22f-e183d0489824}</UniqueIdentifier>
    </Filter>
    <Filter Include="src\Graphics\UI">
      <UniqueIdentifier>{7406bd36-d87d-4df6-8c65-ce3ae5c4f1d4}</UniqueIdentifier>
    </Filter>
    <Filter Include="src\Engine">
      <UniqueIdentifier>{f626ac98-e7d3-42e5-9762-42c6ac59e2f7}</UniqueIdentifier>
    </Filter>
    <Filter Include="include\Engine">
      <UniqueIdentifier>{bc0b8e77-9003-4843-b6ec-17d3c7d397fe}</UniqueIdentifier>
    </Filter>
    <Filter Include="include\Graphics\Animation">
      <UniqueIdentifier>{329813c1-e749-46ee-84a1-bd776d703ace}</UniqueIdentifier>
    </Filter>
    <Filter Include="src\Animation">
      <UniqueIdentifier>{3cfe2199-899a-4c46-8dbd-6c47d240db76}</UniqueIdentifier>
    </Filter>
    <Filter Include="FX\HLSL">
      <UniqueIdentifier>{4294f7df-5bd2-4d51-a544-e9b07db5716b}</UniqueIdentifier>
    </Filter>
    <Filter Include="FX\GLSL">
      <UniqueIdentifier>{0be6ca50-cdea-4e1d-b686-a0e00a696f50}</UniqueIdentifier>
    </Filter>
    <Filter Include="src\Graphics\OpenGL">
      <UniqueIdentifier>{7cf172c8-a786-4e4d-8027-d7ed1cd788eb}</UniqueIdentifier>
    </Filter>
    <Filter Include="include\Graphics\OpenGL">
      <UniqueIdentifier>{cf4478b8-f903-4667-b2ec-6671367a5b3c}</UniqueIdentifier>
    </Filter>
    <Filter Include="src\Graphics\Abstraction">
      <UniqueIdentifier>{4ad925aa-69d3-4e5f-9d94-82397125583a}</UniqueIdentifier>
    </Filter>
  </ItemGroup>
  <ItemGroup>
    <Text Include="ReadMe.txt" />
  </ItemGroup>
  <ItemGroup>
    <ResourceCompile Include="StenGine.rc">
      <Filter>Resource Files</Filter>
    </ResourceCompile>
  </ItemGroup>
  <ItemGroup>
    <Image Include="small.ico">
      <Filter>Resource Files</Filter>
    </Image>
    <Image Include="StenGine.ico">
      <Filter>Resource Files</Filter>
    </Image>
    <Image Include="Model\darkbrickdxt1.dds">
      <Filter>Model</Filter>
    </Image>
    <Image Include="Model\darkbrickdxt1_bump.dds">
      <Filter>Model</Filter>
    </Image>
    <Image Include="Model\darkbrickdxt1_normal.dds">
      <Filter>Model</Filter>
    </Image>
    <Image Include="Model\earth.dds">
      <Filter>Model</Filter>
    </Image>
    <Image Include="Model\earth_normal.dds">
      <Filter>Model</Filter>
    </Image>
    <Image Include="Model\plane.dds">
      <Filter>Model</Filter>
    </Image>
    <Image Include="Model\plane_bump.dds">
      <Filter>Model</Filter>
    </Image>
    <Image Include="Model\plane_normal.dds">
      <Filter>Model</Filter>
    </Image>
    <Image Include="Model\sunsetcube1024.dds">
      <Filter>Model</Filter>
    </Image>
    <Image Include="Model\WoodCrate02.dds">
      <Filter>Model</Filter>
    </Image>
    <Image Include="Model\WoodCrate02_normal.dds">
      <Filter>Model</Filter>
    </Image>
  </ItemGroup>
  <ItemGroup>
    <None Include="Model\ball.obj">
      <Filter>Model</Filter>
    </None>
    <None Include="Model\dragon.fbx">
      <Filter>Model</Filter>
    </None>
    <None Include="Model\earth.fbx">
      <Filter>Model</Filter>
    </None>
    <None Include="Model\plane.fbx">
      <Filter>Model</Filter>
    </None>
    <None Include="FX\Blur_ps.hlsl">
      <Filter>FX\HLSL</Filter>
    </None>
    <None Include="FX\BrightnessFilter_ps.hlsl">
      <Filter>FX\HLSL</Filter>
    </None>
    <None Include="FX\DebugLine_ps.hlsl">
      <Filter>FX\HLSL</Filter>
    </None>
    <None Include="FX\DebugLine_vs.hlsl">
      <Filter>FX\HLSL</Filter>
    </None>
    <None Include="FX\DeferredGeometryPass_ps.hlsl">
      <Filter>FX\HLSL</Filter>
    </None>
    <None Include="FX\DeferredGeometrySkinnedPass_vs.hlsl">
      <Filter>FX\HLSL</Filter>
    </None>
    <None Include="FX\DeferredGeometryTerrainPass_ds.hlsl">
      <Filter>FX\HLSL</Filter>
    </None>
    <None Include="FX\DeferredGeometryTerrainPass_hs.hlsl">
      <Filter>FX\HLSL</Filter>
    </None>
    <None Include="FX\DeferredGeometryTerrainPass_ps.hlsl">
      <Filter>FX\HLSL</Filter>
    </None>
    <None Include="FX\DeferredGeometryTerrainPass_vs.hlsl">
      <Filter>FX\HLSL</Filter>
    </None>
    <None Include="FX\DeferredGeometryTessPass_ds.hlsl">
      <Filter>FX\HLSL</Filter>
    </None>
    <None Include="FX\DeferredGeometryTessPass_hs.hlsl">
      <Filter>FX\HLSL</Filter>
    </None>
    <None Include="FX\DeferredGeometryTessPass_ps.hlsl">
      <Filter>FX\HLSL</Filter>
    </None>
    <None Include="FX\DeferredGeometryTessPass_vs.hlsl">
      <Filter>FX\HLSL</Filter>
    </None>
    <None Include="FX\DeferredShading_cs.hlsl">
      <Filter>FX\HLSL</Filter>
    </None>
    <None Include="FX\DeferredShadingPass_ps.hlsl">
      <Filter>FX\HLSL</Filter>
    </None>
    <None Include="FX\DeferredSkinnedGeometryPass_ps.hlsl">
      <Filter>FX\HLSL</Filter>
    </None>
    <None Include="FX\GodRay_ps.hlsl">
      <Filter>FX\HLSL</Filter>
    </None>
    <None Include="FX\HBlur_cs.hlsl">
      <Filter>FX\HLSL</Filter>
    </None>
    <None Include="FX\imgui_ps.hlsl">
      <Filter>FX\HLSL</Filter>
    </None>
    <None Include="FX\imgui_vs.hlsl">
      <Filter>FX\HLSL</Filter>
    </None>
    <None Include="FX\ScreenQuad_vs.hlsl">
      <Filter>FX\HLSL</Filter>
    </None>
    <None Include="FX\ShadowMap_vs.hlsl">
      <Filter>FX\HLSL</Filter>
    </None>
    <None Include="FX\Skybox_ps.hlsl">
      <Filter>FX\HLSL</Filter>
    </None>
    <None Include="FX\Skybox_vs.hlsl">
      <Filter>FX\HLSL</Filter>
    </None>
    <None Include="FX\StandardConstant.fx">
      <Filter>FX\HLSL</Filter>
    </None>
    <None Include="FX\VBlur_cs.hlsl">
      <Filter>FX\HLSL</Filter>
    </None>
    <None Include="FX\Blur_ps.glsl">
      <Filter>FX\GLSL</Filter>
    </None>
    <None Include="FX\DebugLine_ps.glsl">
      <Filter>FX\GLSL</Filter>
    </None>
    <None Include="FX\DebugLine_vs.glsl">
      <Filter>FX\GLSL</Filter>
    </None>
    <None Include="FX\DeferredGeometryPass_ps.glsl">
      <Filter>FX\GLSL</Filter>
    </None>
    <None Include="FX\DeferredGeometryPass_vs.glsl">
      <Filter>FX\GLSL</Filter>
    </None>
    <None Include="FX\DeferredGeometryTerrainPass_ds.glsl">
      <Filter>FX\GLSL</Filter>
    </None>
    <None Include="FX\DeferredGeometryTerrainPass_hs.glsl">
      <Filter>FX\GLSL</Filter>
    </None>
    <None Include="FX\DeferredGeometryTerrainPass_ps.glsl">
      <Filter>FX\GLSL</Filter>
    </None>
    <None Include="FX\DeferredGeometryTerrainPass_vs.glsl">
      <Filter>FX\GLSL</Filter>
    </None>
    <None Include="FX\DeferredGeometryTessPass_ds.glsl">
      <Filter>FX\GLSL</Filter>
    </None>
    <None Include="FX\DeferredGeometryTessPass_hs.glsl">
      <Filter>FX\GLSL</Filter>
    </None>
    <None Include="FX\DeferredGeometryTessPass_ps.glsl">
      <Filter>FX\GLSL</Filter>
    </None>
    <None Include="FX\DeferredGeometryTessPass_vs.glsl">
      <Filter>FX\GLSL</Filter>
    </None>
    <None Include="FX\DeferredShadingPass_ps.glsl">
      <Filter>FX\GLSL</Filter>
    </None>
    <None Include="FX\DeferredSkinnedGeometryPass_ps.glsl">
      <Filter>FX\GLSL</Filter>
    </None>
    <None Include="FX\DeferredSkinnedGeometryPass_vs.glsl">
      <Filter>FX\GLSL</Filter>
    </None>
    <None Include="FX\GodRay_ps.glsl">
      <Filter>FX\GLSL</Filter>
    </None>
    <None Include="FX\HBlur_cs.glsl">
      <Filter>FX\GLSL</Filter>
    </None>
    <None Include="FX\imgui_ps.glsl">
      <Filter>FX\GLSL</Filter>
    </None>
    <None Include="FX\imgui_vs.glsl">
      <Filter>FX\GLSL</Filter>
    </None>
    <None Include="FX\ScreenQuad_vs.glsl">
      <Filter>FX\GLSL</Filter>
    </None>
    <None Include="FX\ShadowMap_vs.glsl">
      <Filter>FX\GLSL</Filter>
    </None>
    <None Include="FX\Skybox_ps.glsl">
      <Filter>FX\GLSL</Filter>
    </None>
    <None Include="FX\Skybox_vs.glsl">
      <Filter>FX\GLSL</Filter>
    </None>
    <None Include="FX\StdMesh_ps.glsl">
      <Filter>FX\GLSL</Filter>
    </None>
    <None Include="FX\StdMesh_vs.glsl">
      <Filter>FX\GLSL</Filter>
    </None>
    <None Include="FX\VBlur_cs.glsl">
      <Filter>FX\GLSL</Filter>
    </None>
    <None Include="FX\ZOnly_ps.glsl">
      <Filter>FX\GLSL</Filter>
    </None>
    <None Include="FX\DeferredGeometryPass_vs.hlsl">
      <Filter>FX\HLSL</Filter>
    </None>
    <None Include="FX\DeferredSkinnedGeometryPass_vs.hlsl">
      <Filter>FX\HLSL</Filter>
    </None>
  </ItemGroup>
  <ItemGroup>
    <ClInclude Include="include\stdafx.h">
      <Filter>include</Filter>
    </ClInclude>
    <ClInclude Include="include\StenGine.h">
      <Filter>include</Filter>
    </ClInclude>
    <ClInclude Include="include\targetver.h">
      <Filter>include</Filter>
    </ClInclude>
    <ClInclude Include="include\Graphics\Color.h">
      <Filter>include\Graphics</Filter>
    </ClInclude>
    <ClInclude Include="include\Graphics\D3DIncludes.h">
      <Filter>include\Graphics</Filter>
    </ClInclude>
    <ClInclude Include="include\Graphics\Abstraction\ConstantBuffer.h">
      <Filter>include\Graphics\Abstraction</Filter>
    </ClInclude>
    <ClInclude Include="include\Graphics\Abstraction\DrawCmd.h">
      <Filter>include\Graphics\Abstraction</Filter>
    </ClInclude>
    <ClInclude Include="include\Graphics\Abstraction\RendererBase.h">
      <Filter>include\Graphics\Abstraction</Filter>
    </ClInclude>
    <ClInclude Include="include\Graphics\Effect\Material.h">
      <Filter>include\Graphics\Effect</Filter>
    </ClInclude>
    <ClInclude Include="include\Graphics\Effect\ShadowMap.h">
      <Filter>include\Graphics\Effect</Filter>
    </ClInclude>
    <ClInclude Include="include\Graphics\Effect\Skybox.h">
      <Filter>include\Graphics\Effect</Filter>
    </ClInclude>
    <ClInclude Include="include\Graphics\Effect\EffectsManager.h">
      <Filter>include\Graphics\Effect</Filter>
    </ClInclude>
    <ClInclude Include="include\Input\InputManager.h">
      <Filter>include\Input</Filter>
    </ClInclude>
    <ClInclude Include="include\Math\MathHelper.h">
      <Filter>include\Math</Filter>
    </ClInclude>
    <ClInclude Include="include\Mesh\Skeleton.h">
      <Filter>include\Mesh</Filter>
    </ClInclude>
    <ClInclude Include="include\Mesh\SkinnedMesh.h">
      <Filter>include\Mesh</Filter>
    </ClInclude>
    <ClInclude Include="include\Mesh\SubMesh.h">
      <Filter>include\Mesh</Filter>
    </ClInclude>
    <ClInclude Include="include\Mesh\Terrain.h">
      <Filter>include\Mesh</Filter>
    </ClInclude>
    <ClInclude Include="include\Mesh\MeshRenderer.h">
      <Filter>include\Mesh</Filter>
    </ClInclude>
    <ClInclude Include="include\Resource\ResourceManager.h">
      <Filter>include\Resource</Filter>
    </ClInclude>
    <ClInclude Include="include\Scene\Component.h">
      <Filter>include\Scene</Filter>
    </ClInclude>
    <ClInclude Include="include\Scene\GameObject.h">
      <Filter>include\Scene</Filter>
    </ClInclude>
    <ClInclude Include="include\Scene\LightManager.h">
      <Filter>include\Scene</Filter>
    </ClInclude>
    <ClInclude Include="include\Scene\CameraManager.h">
      <Filter>include\Scene</Filter>
    </ClInclude>
    <ClInclude Include="include\System\AlignedClass.h">
      <Filter>include\System</Filter>
    </ClInclude>
    <ClInclude Include="include\Utility\SgmReader.h">
      <Filter>include\Utility</Filter>
    </ClInclude>
    <ClInclude Include="include\Utility\Timer.h">
      <Filter>include\Utility</Filter>
    </ClInclude>
    <ClInclude Include="include\Utility\FbxReaderSG.h">
      <Filter>include\Utility</Filter>
    </ClInclude>
    <ClInclude Include="include\Utility\ObjReader.h">
      <Filter>include\Utility</Filter>
    </ClInclude>
    <ClInclude Include="include\Resource\Resource.h">
      <Filter>Resource Files</Filter>
    </ClInclude>
    <ClInclude Include="include\Graphics\D3D11\D3D11SRVBinding.h">
      <Filter>include\Graphics\D3D11</Filter>
    </ClInclude>
    <ClInclude Include="include\Graphics\D3D11\D3D11ConstantBuffer.h">
      <Filter>include\Graphics\D3D11</Filter>
    </ClInclude>
    <ClInclude Include="include\System\API\PlatformAPIDefs.h">
      <Filter>include\System\API</Filter>
    </ClInclude>
    <ClInclude Include="include\Graphics\Abstraction\GPUBuffer.h">
      <Filter>include\Graphics\Abstraction</Filter>
    </ClInclude>
    <ClInclude Include="include\Scene\Drawable.h">
      <Filter>include\Scene</Filter>
    </ClInclude>
    <ClInclude Include="include\Graphics\Abstraction\RenderTarget.h">
      <Filter>include\Graphics\Abstraction</Filter>
    </ClInclude>
    <ClInclude Include="include\Graphics\D3D11\D3D11RenderTarget.h">
      <Filter>include\Graphics\D3D11</Filter>
    </ClInclude>
    <ClInclude Include="include\Graphics\D3D11\D3D11Buffer.h">
      <Filter>include\Graphics\D3D11</Filter>
    </ClInclude>
    <ClInclude Include="include\Scene\GameObjectManager.h">
      <Filter>include\Scene</Filter>
    </ClInclude>
    <ClInclude Include="include\System\SingletonClass.h">
      <Filter>include\System</Filter>
    </ClInclude>
    <ClInclude Include="include\Graphics\Abstraction\UAVBinding.h">
      <Filter>include\Graphics\Abstraction</Filter>
    </ClInclude>
    <ClInclude Include="include\Graphics\UI\ImGuiMenu.h">
      <Filter>include\Graphics\UI</Filter>
    </ClInclude>
    <ClInclude Include="include\Engine\EngineBase.h">
      <Filter>include\Engine</Filter>
    </ClInclude>
    <ClInclude Include="include\Engine\Console.h">
      <Filter>include\Engine</Filter>
    </ClInclude>
    <ClInclude Include="include\Scene\Transform.h">
      <Filter>include\Scene</Filter>
    </ClInclude>
    <ClInclude Include="include\Graphics\Abstraction\Texture.h">
      <Filter>include\Graphics\Abstraction</Filter>
    </ClInclude>
    <ClInclude Include="include\Graphics\D3D11\D3D11Texture.h">
      <Filter>include\Graphics\D3D11</Filter>
    </ClInclude>
    <ClInclude Include="include\Graphics\Animation\Animation.h">
      <Filter>include\Graphics\Animation</Filter>
    </ClInclude>
    <ClInclude Include="include\Engine\EventSystem.h">
      <Filter>include\Engine</Filter>
    </ClInclude>
    <ClInclude Include="include\Graphics\OpenGL\GLImageLoader.h">
      <Filter>include\Graphics\OpenGL</Filter>
    </ClInclude>
    <ClInclude Include="include\Graphics\OpenGL\GLTexture.h">
      <Filter>include\Graphics\OpenGL</Filter>
    </ClInclude>
    <ClInclude Include="include\Graphics\OpenGL\GLUAVBinding.h">
      <Filter>include\Graphics\OpenGL</Filter>
    </ClInclude>
    <ClInclude Include="include\Graphics\OpenGL\GLBuffer.h">
      <Filter>include\Graphics\OpenGL</Filter>
    </ClInclude>
    <ClInclude Include="include\Graphics\OpenGL\GLConstantBuffer.h">
      <Filter>include\Graphics\OpenGL</Filter>
    </ClInclude>
    <ClInclude Include="include\Graphics\OpenGL\GLRenderTarget.h">
      <Filter>include\Graphics\OpenGL</Filter>
    </ClInclude>
    <ClInclude Include="include\Graphics\D3D11\D3D11UAVBinding.h">
      <Filter>include\Graphics\D3D11</Filter>
    </ClInclude>
    <ClInclude Include="include\Utility\CommandlineParser.h">
      <Filter>include\Utility</Filter>
    </ClInclude>
    <ClInclude Include="include\Utility\Semaphore.h">
      <Filter>include\Utility</Filter>
    </ClInclude>
    <ClInclude Include="include\Scene\SceneFileManager.h">
      <Filter>include\Scene</Filter>
    </ClInclude>
    <ClInclude Include="include\Scene\Savable.h">
      <Filter>include\Scene</Filter>
    </ClInclude>
    <ClInclude Include="include\Scene\GameObjectRegistry.h">
      <Filter>include\Scene</Filter>
    </ClInclude>
    <ClInclude Include="include\Math\MathDefs.h">
      <Filter>include\Math</Filter>
    </ClInclude>
  </ItemGroup>
  <ItemGroup>
    <ClCompile Include="src\stdafx.cpp">
      <Filter>src</Filter>
    </ClCompile>
    <ClCompile Include="src\StenGine.cpp">
      <Filter>src</Filter>
    </ClCompile>
    <ClCompile Include="src\Graphics\Color.cpp">
      <Filter>src\Graphics</Filter>
    </ClCompile>
    <ClCompile Include="src\Graphics\Effect\ShadowMap.cpp">
      <Filter>src\Graphics\Effect</Filter>
    </ClCompile>
    <ClCompile Include="src\Graphics\Effect\Skybox.cpp">
      <Filter>src\Graphics\Effect</Filter>
    </ClCompile>
    <ClCompile Include="src\Graphics\Effect\EffectsManager.cpp">
      <Filter>src\Graphics\Effect</Filter>
    </ClCompile>
    <ClCompile Include="src\Input\InputManager.cpp">
      <Filter>src\Input</Filter>
    </ClCompile>
    <ClCompile Include="src\Mesh\Skeleton.cpp">
      <Filter>src\Mesh</Filter>
    </ClCompile>
    <ClCompile Include="src\Mesh\SkinnedMesh.cpp">
      <Filter>src\Mesh</Filter>
    </ClCompile>
    <ClCompile Include="src\Mesh\SubMesh.cpp">
      <Filter>src\Mesh</Filter>
    </ClCompile>
    <ClCompile Include="src\Mesh\Terrain.cpp">
      <Filter>src\Mesh</Filter>
    </ClCompile>
    <ClCompile Include="src\Mesh\MeshPrimitives.cpp">
      <Filter>src\Mesh</Filter>
    </ClCompile>
    <ClCompile Include="src\Mesh\MeshRenderer.cpp">
      <Filter>src\Mesh</Filter>
    </ClCompile>
    <ClCompile Include="src\Resource\ResourceManager.cpp">
      <Filter>src\Resource</Filter>
    </ClCompile>
    <ClCompile Include="src\Scene\LightManager.cpp">
      <Filter>src\Scene</Filter>
    </ClCompile>
    <ClCompile Include="src\Scene\CameraManager.cpp">
      <Filter>src\Scene</Filter>
    </ClCompile>
    <ClCompile Include="src\Scene\Component.cpp">
      <Filter>src\Scene</Filter>
    </ClCompile>
    <ClCompile Include="src\Scene\GameObject.cpp">
      <Filter>src\Scene</Filter>
    </ClCompile>
    <ClCompile Include="src\Utility\ObjReader.cpp">
      <Filter>src\Utility</Filter>
    </ClCompile>
    <ClCompile Include="src\Utility\SgmReader.cpp">
      <Filter>src\Utility</Filter>
    </ClCompile>
    <ClCompile Include="src\Utility\Timer.cpp">
      <Filter>src\Utility</Filter>
    </ClCompile>
    <ClCompile Include="src\Graphics\D3D11\D3D11ConstantBuffer.cpp">
      <Filter>src\Graphics\D3D11</Filter>
    </ClCompile>
    <ClCompile Include="src\Graphics\D3D11\D3D11Renderer.cpp">
      <Filter>src\Graphics\D3D11</Filter>
    </ClCompile>
    <ClCompile Include="src\Graphics\D3D11\D3D11SRVBinding.cpp">
      <Filter>src\Graphics\D3D11</Filter>
    </ClCompile>
    <ClCompile Include="src\Graphics\D3D11\D3D11Buffer.cpp">
      <Filter>src\Graphics\D3D11</Filter>
    </ClCompile>
    <ClCompile Include="src\Scene\Drawable.cpp">
      <Filter>src\Scene</Filter>
    </ClCompile>
    <ClCompile Include="src\System\GameObjectManager.cpp">
      <Filter>src\Scene</Filter>
    </ClCompile>
    <ClCompile Include="src\Graphics\UI\D3D11ImGuiMenu.cpp">
      <Filter>src\Graphics\UI</Filter>
    </ClCompile>
    <ClCompile Include="src\Engine\EngineBase.cpp">
      <Filter>src\Engine</Filter>
    </ClCompile>
    <ClCompile Include="src\Engine\Console.cpp">
      <Filter>src\Engine</Filter>
    </ClCompile>
    <ClCompile Include="src\Scene\Transform.cpp">
      <Filter>src\Scene</Filter>
    </ClCompile>
    <ClCompile Include="src\Graphics\D3D11\D3D11Texture.cpp">
      <Filter>src\Graphics\D3D11</Filter>
    </ClCompile>
    <ClCompile Include="src\Graphics\Animation\Animation.cpp">
      <Filter>src\Animation</Filter>
    </ClCompile>
    <ClCompile Include="src\Engine\EventSystem.cpp">
      <Filter>src\Engine</Filter>
    </ClCompile>
    <ClCompile Include="src\Graphics\OpenGL\GLBuffer.cpp">
      <Filter>src\Graphics\OpenGL</Filter>
    </ClCompile>
    <ClCompile Include="src\Graphics\OpenGL\GLConstantBuffer.cpp">
      <Filter>src\Graphics\OpenGL</Filter>
    </ClCompile>
    <ClCompile Include="src\Graphics\OpenGL\GLImageLoader.cpp">
      <Filter>src\Graphics\OpenGL</Filter>
    </ClCompile>
    <ClCompile Include="src\Graphics\OpenGL\GLRenderer.cpp">
      <Filter>src\Graphics\OpenGL</Filter>
    </ClCompile>
    <ClCompile Include="src\Graphics\OpenGL\GLTexture.cpp">
      <Filter>src\Graphics\OpenGL</Filter>
    </ClCompile>
    <ClCompile Include="src\Graphics\OpenGL\GLUAVBinding.cpp">
      <Filter>src\Graphics\OpenGL</Filter>
    </ClCompile>
    <ClCompile Include="src\Graphics\Abstraction\UAVBinding.cpp">
      <Filter>src\Graphics\Abstraction</Filter>
    </ClCompile>
    <ClCompile Include="src\Graphics\Abstraction\GPUBuffer.cpp">
      <Filter>src\Graphics\Abstraction</Filter>
    </ClCompile>
    <ClCompile Include="src\Graphics\Abstraction\RendererBase.cpp">
      <Filter>src\Graphics\Abstraction</Filter>
    </ClCompile>
    <ClCompile Include="src\Graphics\Abstraction\RenderTarget.cpp">
      <Filter>src\Graphics\Abstraction</Filter>
    </ClCompile>
    <ClCompile Include="src\Graphics\Abstraction\Texture.cpp">
      <Filter>src\Graphics\Abstraction</Filter>
    </ClCompile>
    <ClCompile Include="src\Graphics\UI\GLImGuiMenu.cpp">
      <Filter>src\Graphics\UI</Filter>
    </ClCompile>
    <ClCompile Include="src\Graphics\D3D11\D3D11UAVBinding.cpp">
      <Filter>src\Graphics\D3D11</Filter>
    </ClCompile>
    <ClCompile Include="src\Utility\FbxReaderSG.cpp">
      <Filter>src\Utility</Filter>
    </ClCompile>
    <ClCompile Include="src\Graphics\UI\ImGuiMenu.cpp">
      <Filter>src\Graphics\UI</Filter>
    </ClCompile>
    <ClCompile Include="src\Utility\CommandlineParser.cpp">
      <Filter>src\Utility</Filter>
    </ClCompile>
    <ClCompile Include="src\Scene\SceneFileManager.cpp">
      <Filter>src\Scene</Filter>
    </ClCompile>
    <ClCompile Include="src\Scene\GameObjectRegistry.cpp">
      <Filter>src\Scene</Filter>
    </ClCompile>
  </ItemGroup>
</Project>