<?xml version="1.0" encoding="utf-8"?>
<Project ToolsVersion="4.0" xmlns="http://schemas.microsoft.com/developer/msbuild/2003">
  <ItemGroup>
    <Filter Include="Resource Files">
      <UniqueIdentifier>{67DA6AB6-F800-4c08-8B7A-83BB121AAD01}</UniqueIdentifier>
      <Extensions>rc;ico;cur;bmp;dlg;rc2;rct;bin;rgs;gif;jpg;jpeg;jpe;resx;tiff;tif;png;wav;mfcribbon-ms</Extensions>
    </Filter>
    <Filter Include="FX">
      <UniqueIdentifier>{c661edbe-f3d5-4477-b9b7-618cbef037ce}</UniqueIdentifier>
    </Filter>
    <Filter Include="Model">
      <UniqueIdentifier>{952cac11-8329-40dc-a3d5-f781578b9f9a}</UniqueIdentifier>
    </Filter>
    <Filter Include="src">
      <UniqueIdentifier>{b1cafe8e-0f20-44e5-8d26-71a371c6f9bb}</UniqueIdentifier>
    </Filter>
    <Filter Include="include">
      <UniqueIdentifier>{a8420923-ba36-46ad-9147-100ebddd8aa2}</UniqueIdentifier>
    </Filter>
    <Filter Include="include\Graphics">
      <UniqueIdentifier>{318adde6-66a6-4735-8ab0-86e4422be8b2}</UniqueIdentifier>
    </Filter>
    <Filter Include="include\Input">
      <UniqueIdentifier>{c326ed30-af89-4540-a424-571d367fb9cc}</UniqueIdentifier>
    </Filter>
    <Filter Include="include\Math">
      <UniqueIdentifier>{41f17817-8df9-4681-969b-2aa7ed4d419e}</UniqueIdentifier>
    </Filter>
    <Filter Include="include\Mesh">
      <UniqueIdentifier>{39d9a677-d659-4297-afb4-d8e77fa20fec}</UniqueIdentifier>
    </Filter>
    <Filter Include="include\Resource">
      <UniqueIdentifier>{f473ce3c-6510-4498-b05c-3ec318b4746e}</UniqueIdentifier>
    </Filter>
    <Filter Include="include\Scene">
      <UniqueIdentifier>{597e7ae1-9c95-4f8b-8a9e-5d2921a61a7c}</UniqueIdentifier>
    </Filter>
    <Filter Include="include\System">
      <UniqueIdentifier>{9b068eaf-4b05-405d-9248-6f000f01e11c}</UniqueIdentifier>
    </Filter>
    <Filter Include="include\Utility">
      <UniqueIdentifier>{4c9a5f3d-25af-4fee-88ad-a01cd6eec544}</UniqueIdentifier>
    </Filter>
    <Filter Include="include\Graphics\Abstraction">
      <UniqueIdentifier>{e69fc62e-e001-4fd1-9a91-ffb22de67f75}</UniqueIdentifier>
    </Filter>
    <Filter Include="include\Graphics\OpenGL">
      <UniqueIdentifier>{ac446c4f-0aba-4cdb-9ef5-26a5de59d196}</UniqueIdentifier>
    </Filter>
    <Filter Include="include\Graphics\Effect">
      <UniqueIdentifier>{3a869d0e-28a3-4716-a069-4a021390857f}</UniqueIdentifier>
    </Filter>
    <Filter Include="src\Graphics">
      <UniqueIdentifier>{5c2786ef-d181-4e0d-8e79-8d5a3d3356c3}</UniqueIdentifier>
    </Filter>
    <Filter Include="src\Input">
      <UniqueIdentifier>{5472fddd-302d-4946-9914-5c8a932a8b7e}</UniqueIdentifier>
    </Filter>
    <Filter Include="src\Mesh">
      <UniqueIdentifier>{9a682b51-5a8e-4c99-aca4-4e31d702c898}</UniqueIdentifier>
    </Filter>
    <Filter Include="src\Resource">
      <UniqueIdentifier>{0831b296-04dc-4a33-84d0-962a14d1f0a9}</UniqueIdentifier>
    </Filter>
    <Filter Include="src\Scene">
      <UniqueIdentifier>{f48c4b78-0d9a-4f8b-bbe9-0ad20e1e2373}</UniqueIdentifier>
    </Filter>
    <Filter Include="src\System">
      <UniqueIdentifier>{cbc0f1f8-c02c-4734-89d1-311b00cc3b23}</UniqueIdentifier>
    </Filter>
    <Filter Include="src\Utility">
      <UniqueIdentifier>{6566b89b-d752-4f65-b430-d3c1ebd21cc2}</UniqueIdentifier>
    </Filter>
    <Filter Include="src\Graphics\OpenGL">
      <UniqueIdentifier>{9331258f-48d8-4bd5-9726-7e92b5334575}</UniqueIdentifier>
    </Filter>
    <Filter Include="src\Graphics\Effect">
      <UniqueIdentifier>{d953c5b4-efa5-4af1-86dc-b92000df6366}</UniqueIdentifier>
    </Filter>
  </ItemGroup>
  <ItemGroup>
    <Text Include="ReadMe.txt" />
  </ItemGroup>
  <ItemGroup>
    <ResourceCompile Include="StenGine.rc">
      <Filter>Resource Files</Filter>
    </ResourceCompile>
  </ItemGroup>
  <ItemGroup>
    <Image Include="small.ico">
      <Filter>Resource Files</Filter>
    </Image>
    <Image Include="StenGine.ico">
      <Filter>Resource Files</Filter>
    </Image>
    <Image Include="Model\darkbrickdxt1.dds">
      <Filter>Model</Filter>
    </Image>
    <Image Include="Model\darkbrickdxt1_bump.dds">
      <Filter>Model</Filter>
    </Image>
    <Image Include="Model\darkbrickdxt1_normal.dds">
      <Filter>Model</Filter>
    </Image>
    <Image Include="Model\earth.dds">
      <Filter>Model</Filter>
    </Image>
    <Image Include="Model\earth_normal.dds">
      <Filter>Model</Filter>
    </Image>
    <Image Include="Model\plane.dds">
      <Filter>Model</Filter>
    </Image>
    <Image Include="Model\plane_bump.dds">
      <Filter>Model</Filter>
    </Image>
    <Image Include="Model\plane_normal.dds">
      <Filter>Model</Filter>
    </Image>
    <Image Include="Model\sunsetcube1024.dds">
      <Filter>Model</Filter>
    </Image>
    <Image Include="Model\WoodCrate02.dds">
      <Filter>Model</Filter>
    </Image>
    <Image Include="Model\WoodCrate02_normal.dds">
      <Filter>Model</Filter>
    </Image>
  </ItemGroup>
  <ItemGroup>
    <None Include="Model\ball.obj">
      <Filter>Model</Filter>
    </None>
    <None Include="Model\dragon.fbx">
      <Filter>Model</Filter>
    </None>
    <None Include="Model\earth.fbx">
      <Filter>Model</Filter>
    </None>
    <None Include="Model\plane.fbx">
      <Filter>Model</Filter>
    </None>
    <None Include="FX\StdMesh_vs.glsl">
      <Filter>FX</Filter>
    </None>
    <None Include="FX\StdMesh_ps.glsl">
      <Filter>FX</Filter>
    </None>
    <None Include="FX\DeferredGeometryPass_ps.glsl">
      <Filter>FX</Filter>
    </None>
    <None Include="FX\DeferredGeometryPass_vs.glsl">
      <Filter>FX</Filter>
    </None>
    <None Include="FX\ScreenQuad_vs.glsl">
      <Filter>FX</Filter>
    </None>
    <None Include="FX\DeferredShadingPass_ps.glsl">
      <Filter>FX</Filter>
    </None>
    <None Include="FX\ShadowMap_vs.glsl">
      <Filter>FX</Filter>
    </None>
    <None Include="FX\ZOnly_ps.glsl">
      <Filter>FX</Filter>
    </None>
    <None Include="FX\Skybox_vs.glsl">
      <Filter>FX</Filter>
    </None>
    <None Include="FX\Skybox_ps.glsl">
      <Filter>FX</Filter>
    </None>
    <None Include="FX\DebugLine_ps.glsl">
      <Filter>FX</Filter>
    </None>
    <None Include="FX\DebugLine_vs.glsl">
      <Filter>FX</Filter>
    </None>
    <None Include="FX\GodRay_ps.glsl">
      <Filter>FX</Filter>
    </None>
    <None Include="FX\DeferredGeometryTessPass_vs.glsl">
      <Filter>FX</Filter>
    </None>
    <None Include="FX\DeferredGeometryTessPass_ps.glsl">
      <Filter>FX</Filter>
    </None>
    <None Include="FX\DeferredGeometryTessPass_hs.glsl">
      <Filter>FX</Filter>
    </None>
    <None Include="FX\DeferredGeometryTessPass_ds.glsl">
      <Filter>FX</Filter>
    </None>
  </ItemGroup>
  <ItemGroup>
    <ClInclude Include="include\stdafx.h">
      <Filter>include</Filter>
    </ClInclude>
    <ClInclude Include="include\StenGine.h">
      <Filter>include</Filter>
    </ClInclude>
    <ClInclude Include="include\targetver.h">
      <Filter>include</Filter>
    </ClInclude>
    <ClInclude Include="include\Graphics\Abstraction\ConstantBuffer.h">
      <Filter>include\Graphics\Abstraction</Filter>
    </ClInclude>
    <ClInclude Include="include\Graphics\Abstraction\ConstantBufferBase.h">
      <Filter>include\Graphics\Abstraction</Filter>
    </ClInclude>
    <ClInclude Include="include\Graphics\Abstraction\DrawCmd.h">
      <Filter>include\Graphics\Abstraction</Filter>
    </ClInclude>
    <ClInclude Include="include\Graphics\Abstraction\RendererBase.h">
      <Filter>include\Graphics\Abstraction</Filter>
    </ClInclude>
    <ClInclude Include="include\Graphics\Effect\Material.h">
      <Filter>include\Graphics\Effect</Filter>
    </ClInclude>
    <ClInclude Include="include\Graphics\Effect\ShadowMap.h">
      <Filter>include\Graphics\Effect</Filter>
    </ClInclude>
    <ClInclude Include="include\Graphics\Effect\Skybox.h">
      <Filter>include\Graphics\Effect</Filter>
    </ClInclude>
    <ClInclude Include="include\Graphics\Effect\EffectsManager.h">
      <Filter>include\Graphics\Effect</Filter>
    </ClInclude>
    <ClInclude Include="include\Graphics\OpenGL\GLConstantBuffer.h">
      <Filter>include\Graphics\OpenGL</Filter>
    </ClInclude>
    <ClInclude Include="include\Graphics\OpenGL\GLImageLoader.h">
      <Filter>include\Graphics\OpenGL</Filter>
    </ClInclude>
    <ClInclude Include="include\Graphics\OpenGL\GLTextureBinding.h">
      <Filter>include\Graphics\OpenGL</Filter>
    </ClInclude>
    <ClInclude Include="include\Graphics\OpenGL\GLBuffer.h">
      <Filter>include\Graphics\OpenGL</Filter>
    </ClInclude>
    <ClInclude Include="include\Graphics\Color.h">
      <Filter>include\Graphics</Filter>
    </ClInclude>
    <ClInclude Include="include\Graphics\D3DIncludes.h">
      <Filter>include\Graphics</Filter>
    </ClInclude>
    <ClInclude Include="include\Input\InputManager.h">
      <Filter>include\Input</Filter>
    </ClInclude>
    <ClInclude Include="include\Math\MathHelper.h">
      <Filter>include\Math</Filter>
    </ClInclude>
    <ClInclude Include="include\Mesh\Skeleton.h">
      <Filter>include\Mesh</Filter>
    </ClInclude>
    <ClInclude Include="include\Mesh\SkinnedMesh.h">
      <Filter>include\Mesh</Filter>
    </ClInclude>
    <ClInclude Include="include\Mesh\SubMesh.h">
      <Filter>include\Mesh</Filter>
    </ClInclude>
    <ClInclude Include="include\Mesh\Terrain.h">
      <Filter>include\Mesh</Filter>
    </ClInclude>
    <ClInclude Include="include\Mesh\MeshRenderer.h">
      <Filter>include\Mesh</Filter>
    </ClInclude>
    <ClInclude Include="include\Resource\ResourceManager.h">
      <Filter>include\Resource</Filter>
    </ClInclude>
    <ClInclude Include="include\Scene\Component.h">
      <Filter>include\Scene</Filter>
    </ClInclude>
    <ClInclude Include="include\Scene\GameObject.h">
      <Filter>include\Scene</Filter>
    </ClInclude>
    <ClInclude Include="include\Scene\LightManager.h">
      <Filter>include\Scene</Filter>
    </ClInclude>
    <ClInclude Include="include\Scene\CameraManager.h">
      <Filter>include\Scene</Filter>
    </ClInclude>
    <ClInclude Include="include\System\AlignedClass.h">
      <Filter>include\System</Filter>
    </ClInclude>
    <ClInclude Include="include\Utility\SgmReader.h">
      <Filter>include\Utility</Filter>
    </ClInclude>
    <ClInclude Include="include\Utility\Timer.h">
      <Filter>include\Utility</Filter>
    </ClInclude>
    <ClInclude Include="include\Utility\FbxReaderSG.h">
      <Filter>include\Utility</Filter>
    </ClInclude>
    <ClInclude Include="include\Utility\ObjReader.h">
      <Filter>include\Utility</Filter>
    </ClInclude>
    <ClInclude Include="include\Resource\Resource.h">
      <Filter>Resource Files</Filter>
    </ClInclude>
  </ItemGroup>
  <ItemGroup>
    <ClCompile Include="src\stdafx.cpp">
      <Filter>src</Filter>
    </ClCompile>
    <ClCompile Include="src\StenGine.cpp">
      <Filter>src</Filter>
    </ClCompile>
    <ClCompile Include="src\Graphics\OpenGL\GLImageLoader.cpp">
      <Filter>src\Graphics\OpenGL</Filter>
    </ClCompile>
    <ClCompile Include="src\Graphics\OpenGL\GLRenderer.cpp">
      <Filter>src\Graphics\OpenGL</Filter>
    </ClCompile>
    <ClCompile Include="src\Graphics\OpenGL\GLBuffer.cpp">
      <Filter>src\Graphics\OpenGL</Filter>
    </ClCompile>
    <ClCompile Include="src\Graphics\OpenGL\GLConstantBuffer.cpp">
      <Filter>src\Graphics\OpenGL</Filter>
    </ClCompile>
    <ClCompile Include="src\Graphics\Effect\ShadowMap.cpp">
      <Filter>src\Graphics\Effect</Filter>
    </ClCompile>
    <ClCompile Include="src\Graphics\Effect\Skybox.cpp">
      <Filter>src\Graphics\Effect</Filter>
    </ClCompile>
    <ClCompile Include="src\Graphics\Effect\EffectsManager.cpp">
      <Filter>src\Graphics\Effect</Filter>
    </ClCompile>
    <ClCompile Include="src\Graphics\Color.cpp">
      <Filter>src\Graphics</Filter>
    </ClCompile>
    <ClCompile Include="src\Input\InputManager.cpp">
      <Filter>src\Input</Filter>
    </ClCompile>
    <ClCompile Include="src\Mesh\Skeleton.cpp">
      <Filter>src\Mesh</Filter>
    </ClCompile>
    <ClCompile Include="src\Mesh\SkinnedMesh.cpp">
      <Filter>src\Mesh</Filter>
    </ClCompile>
    <ClCompile Include="src\Mesh\SubMesh.cpp">
      <Filter>src\Mesh</Filter>
    </ClCompile>
    <ClCompile Include="src\Mesh\Terrain.cpp">
      <Filter>src\Mesh</Filter>
    </ClCompile>
    <ClCompile Include="src\Mesh\MeshPrimitives.cpp">
      <Filter>src\Mesh</Filter>
    </ClCompile>
    <ClCompile Include="src\Mesh\MeshRenderer.cpp">
      <Filter>src\Mesh</Filter>
    </ClCompile>
    <ClCompile Include="src\Resource\ResourceManager.cpp">
      <Filter>src\Resource</Filter>
    </ClCompile>
    <ClCompile Include="src\Scene\LightManager.cpp">
      <Filter>src\Scene</Filter>
    </ClCompile>
    <ClCompile Include="src\Scene\CameraManager.cpp">
      <Filter>src\Scene</Filter>
    </ClCompile>
    <ClCompile Include="src\Scene\Component.cpp">
      <Filter>src\Scene</Filter>
    </ClCompile>
    <ClCompile Include="src\Scene\GameObject.cpp">
      <Filter>src\Scene</Filter>
    </ClCompile>
    <ClCompile Include="src\Utility\ObjReader.cpp">
      <Filter>src\Utility</Filter>
    </ClCompile>
    <ClCompile Include="src\Utility\SgmReader.cpp">
      <Filter>src\Utility</Filter>
    </ClCompile>
    <ClCompile Include="src\Utility\Timer.cpp">
      <Filter>src\Utility</Filter>
    </ClCompile>
    <ClCompile Include="src\Utility\FbxReaderSG.cpp">
      <Filter>src\Utility</Filter>
    </ClCompile>
  </ItemGroup>
</Project>